
Microsoft Visual Studio Solution File, Format Version 12.00
# Visual Studio Version 17
VisualStudioVersion = 17.14.36518.9 d17.14
MinimumVisualStudioVersion = 10.0.40219.1
Project("{FAE04EC0-301F-11D3-BF4B-00C04F79EFBC}") = "SiemensApp", "SiemensApp\SiemensApp.csproj", "{D0B6E86C-5BB1-4E80-9774-8795A067368F}"
EndProject
Project("{FAE04EC0-301F-11D3-BF4B-00C04F79EFBC}") = "SiemensApp.Tests", "SiemensApp.Tests\SiemensApp.Tests.csproj", "{D7502CA8-BBDD-4E6F-8D61-6500AA2CAE98}"
EndProject
Global
	GlobalSection(SolutionConfigurationPlatforms) = preSolution
		Debug|Any CPU = Debug|Any CPU
		Release|Any CPU = Release|Any CPU
	EndGlobalSection
	GlobalSection(ProjectConfigurationPlatforms) = postSolution
		{D0B6E86C-5BB1-4E80-9774-8795A067368F}.Debug|Any CPU.ActiveCfg = Debug|Any CPU
		{D0B6E86C-5BB1-4E80-9774-8795A067368F}.Debug|Any CPU.Build.0 = Debug|Any CPU
		{D0B6E86C-5BB1-4E80-9774-8795A067368F}.Release|Any CPU.ActiveCfg = Release|Any CPU
		{D0B6E86C-5BB1-4E80-9774-8795A067368F}.Release|Any CPU.Build.0 = Release|Any CPU
		{D7502CA8-BBDD-4E6F-8D61-6500AA2CAE98}.Debug|Any CPU.ActiveCfg = Debug|Any CPU
		{D7502CA8-BBDD-4E6F-8D61-6500AA2CAE98}.Debug|Any CPU.Build.0 = Debug|Any CPU
		{D7502CA8-BBDD-4E6F-8D61-6500AA2CAE98}.Release|Any CPU.ActiveCfg = Release|Any CPU
		{D7502CA8-BBDD-4E6F-8D61-6500AA2CAE98}.Release|Any CPU.Build.0 = Release|Any CPU
	EndGlobalSection
	GlobalSection(SolutionProperties) = preSolution
		HideSolutionNode = FALSE
	EndGlobalSection
	GlobalSection(ExtensibilityGlobals) = postSolution
		SolutionGuid = {AD8FAC1E-DD17-436E-9686-CAFD6075DA49}
	EndGlobalSection
EndGlobal
